
Microsoft Visual Studio Solution File, Format Version 12.00
# Visual Studio Version 16
VisualStudioVersion = 16.0.32630.194
MinimumVisualStudioVersion = 10.0.40219.1
Project("{9A19103F-16F7-4668-BE54-9A1E7A4F7556}") = "SportsStore", "SportsStore\SportsStore.csproj", "{2EDEE4C5-E8DB-468F-BB3B-15C1587C6F60}"
EndProject
Project("{9A19103F-16F7-4668-BE54-9A1E7A4F7556}") = "SportsStore.Tests", "SportsStore.Tests\SportsStore.Tests.csproj", "{B166AE32-C32C-4AE3-BD59-B0ACC92FF30E}"
EndProject
Global
	GlobalSection(SolutionConfigurationPlatforms) = preSolution
		Debug|Any CPU = Debug|Any CPU
		Release|Any CPU = Release|Any CPU
	EndGlobalSection
	GlobalSection(ProjectConfigurationPlatforms) = postSolution
		{2EDEE4C5-E8DB-468F-BB3B-15C1587C6F60}.Debug|Any CPU.ActiveCfg = Debug|Any CPU
		{2EDEE4C5-E8DB-468F-BB3B-15C1587C6F60}.Debug|Any CPU.Build.0 = Debug|Any CPU
		{2EDEE4C5-E8DB-468F-BB3B-15C1587C6F60}.Release|Any CPU.ActiveCfg = Release|Any CPU
		{2EDEE4C5-E8DB-468F-BB3B-15C1587C6F60}.Release|Any CPU.Build.0 = Release|Any CPU
		{B166AE32-C32C-4AE3-BD59-B0ACC92FF30E}.Debug|Any CPU.ActiveCfg = Debug|Any CPU
		{B166AE32-C32C-4AE3-BD59-B0ACC92FF30E}.Debug|Any CPU.Build.0 = Debug|Any CPU
		{B166AE32-C32C-4AE3-BD59-B0ACC92FF30E}.Release|Any CPU.ActiveCfg = Release|Any CPU
		{B166AE32-C32C-4AE3-BD59-B0ACC92FF30E}.Release|Any CPU.Build.0 = Release|Any CPU
	EndGlobalSection
	GlobalSection(SolutionProperties) = preSolution
		HideSolutionNode = FALSE
	EndGlobalSection
	GlobalSection(ExtensibilityGlobals) = postSolution
		SolutionGuid = {A6273AE0-30FA-4D58-9C64-47C1F9976560}
	EndGlobalSection
EndGlobal
